
Microsoft Visual Studio Solution File, Format Version 12.00
# Visual Studio Version 17
VisualStudioVersion = 17.8.34330.188
MinimumVisualStudioVersion = 10.0.40219.1
Project("{9A19103F-16F7-4668-BE54-9A1E7A4F7556}") = "DemoWPF", "DemoWPF\DemoWPF.csproj", "{8B6C721C-34A0-48F5-90C7-663F532E7C55}"
EndProject
Project("{9A19103F-16F7-4668-BE54-9A1E7A4F7556}") = "DemoLoadDBUsingWPF", "DemoLoadDBUsingWPF\DemoLoadDBUsingWPF.csproj", "{E625302D-E96D-4123-BBF5-B10D88799752}"
EndProject
Global
	GlobalSection(SolutionConfigurationPlatforms) = preSolution
		Debug|Any CPU = Debug|Any CPU
		Release|Any CPU = Release|Any CPU
	EndGlobalSection
	GlobalSection(ProjectConfigurationPlatforms) = postSolution
		{8B6C721C-34A0-48F5-90C7-663F532E7C55}.Debug|Any CPU.ActiveCfg = Debug|Any CPU
		{8B6C721C-34A0-48F5-90C7-663F532E7C55}.Debug|Any CPU.Build.0 = Debug|Any CPU
		{8B6C721C-34A0-48F5-90C7-663F532E7C55}.Release|Any CPU.ActiveCfg = Release|Any CPU
		{8B6C721C-34A0-48F5-90C7-663F532E7C55}.Release|Any CPU.Build.0 = Release|Any CPU
		{E625302D-E96D-4123-BBF5-B10D88799752}.Debug|Any CPU.ActiveCfg = Debug|Any CPU
		{E625302D-E96D-4123-BBF5-B10D88799752}.Debug|Any CPU.Build.0 = Debug|Any CPU
		{E625302D-E96D-4123-BBF5-B10D88799752}.Release|Any CPU.ActiveCfg = Release|Any CPU
		{E625302D-E96D-4123-BBF5-B10D88799752}.Release|Any CPU.Build.0 = Release|Any CPU
	EndGlobalSection
	GlobalSection(SolutionProperties) = preSolution
		HideSolutionNode = FALSE
	EndGlobalSection
	GlobalSection(ExtensibilityGlobals) = postSolution
		SolutionGuid = {36942975-6ACF-4DA0-BF0A-DD166342ED00}
	EndGlobalSection
EndGlobal
